# THIS IS AN AUTOGENERATED FILE. DO NOT EDIT THIS FILE DIRECTLY.
# yarn lockfile v1


"@textlint/ast-node-types@^4.2.5", "@textlint/ast-node-types@^4.3.4":
  version "4.3.4"
  resolved "https://registry.yarnpkg.com/@textlint/ast-node-types/-/ast-node-types-4.3.4.tgz#f6596c45c32c85dc06915c3077bb7686033efd32"
  integrity sha512-Grq+vJuNH7HCa278eFeiqJvowrD+onMCoG2ctLyoN+fXYIQGIr1/8fo8AcIg+VM16Kga+N6Y1UWNOWPd8j1nFg==

"@textlint/types@^1.3.1":
  version "1.4.5"
  resolved "https://registry.yarnpkg.com/@textlint/types/-/types-1.4.5.tgz#11c8e0140256e0ead8014a701a05f267d1132d4e"
  integrity sha512-7pA1rdiw1jsDNGwxupMC6fPlRNAHY6fKZ3s+jAY53o6RroOSR+5qO0sAjJ26lsSOhveH8imZzyyD08dk58IVJQ==
  dependencies:
    "@textlint/ast-node-types" "^4.3.4"

"@types/node@^14.0.22":
  version "14.14.11"
  resolved "https://registry.yarnpkg.com/@types/node/-/node-14.14.11.tgz#fc25a4248a5e8d0837019b1d170146d07334abe0"
  integrity sha512-BJ97wAUuU3NUiUCp44xzUFquQEvnk1wu7q4CMEUYKJWjdkr0YWYDsm4RFtAvxYsNjLsKcrFt6RvK8r+mnzMbEQ==

typescript@^4.1.2:
  version "4.1.2"
  resolved "https://registry.yarnpkg.com/typescript/-/typescript-4.1.2.tgz#6369ef22516fe5e10304aae5a5c4862db55380e9"
  integrity sha512-thGloWsGH3SOxv1SoY7QojKi0tc+8FnOmiarEGMbd/lar7QOEd3hvlx3Fp5y6FlDUGl9L+pd4n2e+oToGMmhRQ==
